// !$*UTF8*$!
{
	archiveVersion = 1;
	classes = {
	};
	objectVersion = 46;
	objects = {

/* Begin PBXBuildFile section */
		682771B21EDD335400260EBE /* FeedDetailViewController.swift in Sources */ = {isa = PBXBuildFile; fileRef = 682771B11EDD335400260EBE /* FeedDetailViewController.swift */; };
		682771B41EDD67D700260EBE /* SaveFeedViewController.swift in Sources */ = {isa = PBXBuildFile; fileRef = 682771B31EDD67D700260EBE /* SaveFeedViewController.swift */; };
		689FE8DF1EDBC5C400F8BD4E /* AppDelegate.swift in Sources */ = {isa = PBXBuildFile; fileRef = 689FE8DE1EDBC5C400F8BD4E /* AppDelegate.swift */; };
		689FE8E11EDBC5C400F8BD4E /* ViewController.swift in Sources */ = {isa = PBXBuildFile; fileRef = 689FE8E01EDBC5C400F8BD4E /* ViewController.swift */; };
		689FE8E41EDBC5C400F8BD4E /* Main.storyboard in Resources */ = {isa = PBXBuildFile; fileRef = 689FE8E21EDBC5C400F8BD4E /* Main.storyboard */; };
		689FE8E71EDBC5C400F8BD4E /* MyFirstProject.xcdatamodeld in Sources */ = {isa = PBXBuildFile; fileRef = 689FE8E51EDBC5C400F8BD4E /* MyFirstProject.xcdatamodeld */; };
		689FE8E91EDBC5C400F8BD4E /* Assets.xcassets in Resources */ = {isa = PBXBuildFile; fileRef = 689FE8E81EDBC5C400F8BD4E /* Assets.xcassets */; };
		689FE8EC1EDBC5C400F8BD4E /* LaunchScreen.storyboard in Resources */ = {isa = PBXBuildFile; fileRef = 689FE8EA1EDBC5C400F8BD4E /* LaunchScreen.storyboard */; };
		689FE8F81EDBC8A300F8BD4E /* FeedTableViewCell.swift in Sources */ = {isa = PBXBuildFile; fileRef = 689FE8F61EDBC8A300F8BD4E /* FeedTableViewCell.swift */; };
		689FE8F91EDBC8A300F8BD4E /* FeedTableViewCell.xib in Resources */ = {isa = PBXBuildFile; fileRef = 689FE8F71EDBC8A300F8BD4E /* FeedTableViewCell.xib */; };
		689FE8FC1EDBDC8600F8BD4E /* FeedViewController.swift in Sources */ = {isa = PBXBuildFile; fileRef = 689FE8FA1EDBDC8600F8BD4E /* FeedViewController.swift */; };
		689FE8FF1EDBF85B00F8BD4E /* News.swift in Sources */ = {isa = PBXBuildFile; fileRef = 689FE8FE1EDBF85A00F8BD4E /* News.swift */; };
/* End PBXBuildFile section */

/* Begin PBXFileReference section */
		682771B11EDD335400260EBE /* FeedDetailViewController.swift */ = {isa = PBXFileReference; fileEncoding = 4; lastKnownFileType = sourcecode.swift; path = FeedDetailViewController.swift; sourceTree = "<group>"; };
		682771B31EDD67D700260EBE /* SaveFeedViewController.swift */ = {isa = PBXFileReference; fileEncoding = 4; lastKnownFileType = sourcecode.swift; path = SaveFeedViewController.swift; sourceTree = "<group>"; };
		689FE8DB1EDBC5C400F8BD4E /* MyFirstProject.app */ = {isa = PBXFileReference; explicitFileType = wrapper.application; includeInIndex = 0; path = MyFirstProject.app; sourceTree = BUILT_PRODUCTS_DIR; };
		689FE8DE1EDBC5C400F8BD4E /* AppDelegate.swift */ = {isa = PBXFileReference; lastKnownFileType = sourcecode.swift; path = AppDelegate.swift; sourceTree = "<group>"; };
		689FE8E01EDBC5C400F8BD4E /* ViewController.swift */ = {isa = PBXFileReference; lastKnownFileType = sourcecode.swift; path = ViewController.swift; sourceTree = "<group>"; };
		689FE8E31EDBC5C400F8BD4E /* Base */ = {isa = PBXFileReference; lastKnownFileType = file.storyboard; name = Base; path = Base.lproj/Main.storyboard; sourceTree = "<group>"; };
		689FE8E61EDBC5C400F8BD4E /* MyFirstProject.xcdatamodel */ = {isa = PBXFileReference; lastKnownFileType = wrapper.xcdatamodel; path = MyFirstProject.xcdatamodel; sourceTree = "<group>"; };
		689FE8E81EDBC5C400F8BD4E /* Assets.xcassets */ = {isa = PBXFileReference; lastKnownFileType = folder.assetcatalog; path = Assets.xcassets; sourceTree = "<group>"; };
		689FE8EB1EDBC5C400F8BD4E /* Base */ = {isa = PBXFileReference; lastKnownFileType = file.storyboard; name = Base; path = Base.lproj/LaunchScreen.storyboard; sourceTree = "<group>"; };
		689FE8ED1EDBC5C400F8BD4E /* Info.plist */ = {isa = PBXFileReference; lastKnownFileType = text.plist.xml; path = Info.plist; sourceTree = "<group>"; };
		689FE8F61EDBC8A300F8BD4E /* FeedTableViewCell.swift */ = {isa = PBXFileReference; fileEncoding = 4; lastKnownFileType = sourcecode.swift; path = FeedTableViewCell.swift; sourceTree = "<group>"; };
		689FE8F71EDBC8A300F8BD4E /* FeedTableViewCell.xib */ = {isa = PBXFileReference; fileEncoding = 4; lastKnownFileType = file.xib; path = FeedTableViewCell.xib; sourceTree = "<group>"; };
		689FE8FA1EDBDC8600F8BD4E /* FeedViewController.swift */ = {isa = PBXFileReference; fileEncoding = 4; lastKnownFileType = sourcecode.swift; path = FeedViewController.swift; sourceTree = "<group>"; };
		689FE8FE1EDBF85A00F8BD4E /* News.swift */ = {isa = PBXFileReference; fileEncoding = 4; lastKnownFileType = sourcecode.swift; path = News.swift; sourceTree = "<group>"; };
/* End PBXFileReference section */

/* Begin PBXFrameworksBuildPhase section */
		689FE8D81EDBC5BF00F8BD4E /* Frameworks */ = {
			isa = PBXFrameworksBuildPhase;
			buildActionMask = 2147483647;
			files = (
			);
			runOnlyForDeploymentPostprocessing = 0;
		};
/* End PBXFrameworksBuildPhase section */

/* Begin PBXGroup section */
		689FE8D21EDBC5BF00F8BD4E = {
			isa = PBXGroup;
			children = (
				689FE8DD1EDBC5C400F8BD4E /* MyFirstProject */,
				689FE8DC1EDBC5C400F8BD4E /* Products */,
			);
			sourceTree = "<group>";
		};
		689FE8DC1EDBC5C400F8BD4E /* Products */ = {
			isa = PBXGroup;
			children = (
				689FE8DB1EDBC5C400F8BD4E /* MyFirstProject.app */,
			);
			name = Products;
			sourceTree = "<group>";
		};
		689FE8DD1EDBC5C400F8BD4E /* MyFirstProject */ = {
			isa = PBXGroup;
			children = (
				689FE8F51EDBC64800F8BD4E /* Controller */,
				689FE8F41EDBC64000F8BD4E /* View */,
				689FE8F31EDBC62B00F8BD4E /* Model */,
				689FE8ED1EDBC5C400F8BD4E /* Info.plist */,
				689FE8DE1EDBC5C400F8BD4E /* AppDelegate.swift */,
				689FE8E51EDBC5C400F8BD4E /* MyFirstProject.xcdatamodeld */,
			);
			path = MyFirstProject;
			sourceTree = "<group>";
		};
		689FE8F31EDBC62B00F8BD4E /* Model */ = {
			isa = PBXGroup;
			children = (
				689FE8E81EDBC5C400F8BD4E /* Assets.xcassets */,
				689FE8FE1EDBF85A00F8BD4E /* News.swift */,
			);
			name = Model;
			sourceTree = "<group>";
		};
		689FE8F41EDBC64000F8BD4E /* View */ = {
			isa = PBXGroup;
			children = (
				689FE8EA1EDBC5C400F8BD4E /* LaunchScreen.storyboard */,
				689FE8E21EDBC5C400F8BD4E /* Main.storyboard */,
				689FE8F61EDBC8A300F8BD4E /* FeedTableViewCell.swift */,
				689FE8F71EDBC8A300F8BD4E /* FeedTableViewCell.xib */,
			);
			name = View;
			sourceTree = "<group>";
		};
		689FE8F51EDBC64800F8BD4E /* Controller */ = {
			isa = PBXGroup;
			children = (
				689FE8E01EDBC5C400F8BD4E /* ViewController.swift */,
				689FE8FA1EDBDC8600F8BD4E /* FeedViewController.swift */,
				682771B11EDD335400260EBE /* FeedDetailViewController.swift */,
				682771B31EDD67D700260EBE /* SaveFeedViewController.swift */,
			);
			name = Controller;
			sourceTree = "<group>";
		};
/* End PBXGroup section */

/* Begin PBXNativeTarget section */
		689FE8DA1EDBC5BF00F8BD4E /* MyFirstProject */ = {
			isa = PBXNativeTarget;
			buildConfigurationList = 689FE8F01EDBC5C400F8BD4E /* Build configuration list for PBXNativeTarget "MyFirstProject" */;
			buildPhases = (
				689FE8D71EDBC5BF00F8BD4E /* Sources */,
				689FE8D81EDBC5BF00F8BD4E /* Frameworks */,
				689FE8D91EDBC5BF00F8BD4E /* Resources */,
			);
			buildRules = (
			);
			dependencies = (
			);
			name = MyFirstProject;
			productName = MyFirstProject;
			productReference = 689FE8DB1EDBC5C400F8BD4E /* MyFirstProject.app */;
			productType = "com.apple.product-type.application";
		};
/* End PBXNativeTarget section */

/* Begin PBXProject section */
		689FE8D31EDBC5BF00F8BD4E /* Project object */ = {
			isa = PBXProject;
			attributes = {
				LastSwiftUpdateCheck = 0820;
				LastUpgradeCheck = 0820;
				ORGANIZATIONNAME = aumrroi;
				TargetAttributes = {
					689FE8DA1EDBC5BF00F8BD4E = {
						CreatedOnToolsVersion = 8.2.1;
						DevelopmentTeam = KDTYRPC457;
						ProvisioningStyle = Automatic;
					};
				};
			};
			buildConfigurationList = 689FE8D61EDBC5BF00F8BD4E /* Build configuration list for PBXProject "MyFirstProject" */;
			compatibilityVersion = "Xcode 3.2";
			developmentRegion = English;
			hasScannedForEncodings = 0;
			knownRegions = (
				en,
				Base,
			);
			mainGroup = 689FE8D21EDBC5BF00F8BD4E;
			productRefGroup = 689FE8DC1EDBC5C400F8BD4E /* Products */;
			projectDirPath = "";
			projectRoot = "";
			targets = (
				689FE8DA1EDBC5BF00F8BD4E /* MyFirstProject */,
			);
		};
/* End PBXProject section */

/* Begin PBXResourcesBuildPhase section */
		689FE8D91EDBC5BF00F8BD4E /* Resources */ = {
			isa = PBXResourcesBuildPhase;
			buildActionMask = 2147483647;
			files = (
				689FE8EC1EDBC5C400F8BD4E /* LaunchScreen.storyboard in Resources */,
				689FE8F91EDBC8A300F8BD4E /* FeedTableViewCell.xib in Resources */,
				689FE8E91EDBC5C400F8BD4E /* Assets.xcassets in Resources */,
				689FE8E41EDBC5C400F8BD4E /* Main.storyboard in Resources */,
			);
			runOnlyForDeploymentPostprocessing = 0;
		};
/* End PBXResourcesBuildPhase section */

/* Begin PBXSourcesBuildPhase section */
		689FE8D71EDBC5BF00F8BD4E /* Sources */ = {
			isa = PBXSourcesBuildPhase;
			buildActionMask = 2147483647;
			files = (
				689FE8FF1EDBF85B00F8BD4E /* News.swift in Sources */,
				682771B41EDD67D700260EBE /* SaveFeedViewController.swift in Sources */,
				689FE8E11EDBC5C400F8BD4E /* ViewController.swift in Sources */,
				689FE8F81EDBC8A300F8BD4E /* FeedTableViewCell.swift in Sources */,
				689FE8FC1EDBDC8600F8BD4E /* FeedViewController.swift in Sources */,
				689FE8DF1EDBC5C400F8BD4E /* AppDelegate.swift in Sources */,
				682771B21EDD335400260EBE /* FeedDetailViewController.swift in Sources */,
				689FE8E71EDBC5C400F8BD4E /* MyFirstProject.xcdatamodeld in Sources */,
			);
			runOnlyForDeploymentPostprocessing = 0;
		};
/* End PBXSourcesBuildPhase section */

/* Begin PBXVariantGroup section */
		689FE8E21EDBC5C400F8BD4E /* Main.storyboard */ = {
			isa = PBXVariantGroup;
			children = (
				689FE8E31EDBC5C400F8BD4E /* Base */,
			);
			name = Main.storyboard;
			sourceTree = "<group>";
		};
		689FE8EA1EDBC5C400F8BD4E /* LaunchScreen.storyboard */ = {
			isa = PBXVariantGroup;
			children = (
				689FE8EB1EDBC5C400F8BD4E /* Base */,
			);
			name = LaunchScreen.storyboard;
			sourceTree = "<group>";
		};
/* End PBXVariantGroup section */

/* Begin XCBuildConfiguration section */
		689FE8EE1EDBC5C400F8BD4E /* Debug */ = {
			isa = XCBuildConfiguration;
			buildSettings = {
				ALWAYS_SEARCH_USER_PATHS = NO;
				CLANG_ANALYZER_NONNULL = YES;
				CLANG_CXX_LANGUAGE_STANDARD = "gnu++0x";
				CLANG_CXX_LIBRARY = "libc++";
				CLANG_ENABLE_MODULES = YES;
				CLANG_ENABLE_OBJC_ARC = YES;
				CLANG_WARN_BOOL_CONVERSION = YES;
				CLANG_WARN_CONSTANT_CONVERSION = YES;
				CLANG_WARN_DIRECT_OBJC_ISA_USAGE = YES_ERROR;
				CLANG_WARN_DOCUMENTATION_COMMENTS = YES;
				CLANG_WARN_EMPTY_BODY = YES;
				CLANG_WARN_ENUM_CONVERSION = YES;
				CLANG_WARN_INFINITE_RECURSION = YES;
				CLANG_WARN_INT_CONVERSION = YES;
				CLANG_WARN_OBJC_ROOT_CLASS = YES_ERROR;
				CLANG_WARN_SUSPICIOUS_MOVE = YES;
				CLANG_WARN_UNREACHABLE_CODE = YES;
				CLANG_WARN__DUPLICATE_METHOD_MATCH = YES;
				"CODE_SIGN_IDENTITY[sdk=iphoneos*]" = "iPhone Developer";
				COPY_PHASE_STRIP = NO;
				DEBUG_INFORMATION_FORMAT = dwarf;
				ENABLE_STRICT_OBJC_MSGSEND = YES;
				ENABLE_TESTABILITY = YES;
				GCC_C_LANGUAGE_STANDARD = gnu99;
				GCC_DYNAMIC_NO_PIC = NO;
				GCC_NO_COMMON_BLOCKS = YES;
				GCC_OPTIMIZATION_LEVEL = 0;
				GCC_PREPROCESSOR_DEFINITIONS = (
					"DEBUG=1",
					"$(inherited)",
				);
				GCC_WARN_64_TO_32_BIT_CONVERSION = YES;
				GCC_WARN_ABOUT_RETURN_TYPE = YES_ERROR;
				GCC_WARN_UNDECLARED_SELECTOR = YES;
				GCC_WARN_UNINITIALIZED_AUTOS = YES_AGGRESSIVE;
				GCC_WARN_UNUSED_FUNCTION = YES;
				GCC_WARN_UNUSED_VARIABLE = YES;
				IPHONEOS_DEPLOYMENT_TARGET = 10.2;
				MTL_ENABLE_DEBUG_INFO = YES;
				ONLY_ACTIVE_ARCH = YES;
				SDKROOT = iphoneos;
				SWIFT_ACTIVE_COMPILATION_CONDITIONS = DEBUG;
				SWIFT_OPTIMIZATION_LEVEL = "-Onone";
			};
			name = Debug;
		};
		689FE8EF1EDBC5C400F8BD4E /* Release */ = {
			isa = XCBuildConfiguration;
			buildSettings = {
				ALWAYS_SEARCH_USER_PATHS = NO;
				CLANG_ANALYZER_NONNULL = YES;
				CLANG_CXX_LANGUAGE_STANDARD = "gnu++0x";
				CLANG_CXX_LIBRARY = "libc++";
				CLANG_ENABLE_MODULES = YES;
				CLANG_ENABLE_OBJC_ARC = YES;
				CLANG_WARN_BOOL_CONVERSION = YES;
				CLANG_WARN_CONSTANT_CONVERSION = YES;
				CLANG_WARN_DIRECT_OBJC_ISA_USAGE = YES_ERROR;
				CLANG_WARN_DOCUMENTATION_COMMENTS = YES;
				CLANG_WARN_EMPTY_BODY = YES;
				CLANG_WARN_ENUM_CONVERSION = YES;
				CLANG_WARN_INFINITE_RECURSION = YES;
				CLANG_WARN_INT_CONVERSION = YES;
				CLANG_WARN_OBJC_ROOT_CLASS = YES_ERROR;
				CLANG_WARN_SUSPICIOUS_MOVE = YES;
				CLANG_WARN_UNREACHABLE_CODE = YES;
				CLANG_WARN__DUPLICATE_METHOD_MATCH = YES;
				"CODE_SIGN_IDENTITY[sdk=iphoneos*]" = "iPhone Developer";
				COPY_PHASE_STRIP = NO;
				DEBUG_INFORMATION_FORMAT = "dwarf-with-dsym";
				ENABLE_NS_ASSERTIONS = NO;
				ENABLE_STRICT_OBJC_MSGSEND = YES;
				GCC_C_LANGUAGE_STANDARD = gnu99;
				GCC_NO_COMMON_BLOCKS = YES;
				GCC_WARN_64_TO_32_BIT_CONVERSION = YES;
				GCC_WARN_ABOUT_RETURN_TYPE = YES_ERROR;
				GCC_WARN_UNDECLARED_SELECTOR = YES;
				GCC_WARN_UNINITIALIZED_AUTOS = YES_AGGRESSIVE;
				GCC_WARN_UNUSED_FUNCTION = YES;
				GCC_WARN_UNUSED_VARIABLE = YES;
				IPHONEOS_DEPLOYMENT_TARGET = 10.2;
				MTL_ENABLE_DEBUG_INFO = NO;
				SDKROOT = iphoneos;
				SWIFT_OPTIMIZATION_LEVEL = "-Owholemodule";
				VALIDATE_PRODUCT = YES;
			};
			name = Release;
		};
		689FE8F11EDBC5C400F8BD4E /* Debug */ = {
			isa = XCBuildConfiguration;
			buildSettings = {
				ASSETCATALOG_COMPILER_APPICON_NAME = AppIcon;
				DEVELOPMENT_TEAM = KDTYRPC457;
				INFOPLIST_FILE = MyFirstProject/Info.plist;
				LD_RUNPATH_SEARCH_PATHS = "$(inherited) @executable_path/Frameworks";
				PRODUCT_BUNDLE_IDENTIFIER = "aumrroi-gmail.com.MyFirstProject";
				PRODUCT_NAME = "$(TARGET_NAME)";
				SWIFT_VERSION = 3.0;
			};
			name = Debug;
		};
		689FE8F21EDBC5C400F8BD4E /* Release */ = {
			isa = XCBuildConfiguration;
			buildSettings = {
				ASSETCATALOG_COMPILER_APPICON_NAME = AppIcon;
				DEVELOPMENT_TEAM = KDTYRPC457;
				INFOPLIST_FILE = MyFirstProject/Info.plist;
				LD_RUNPATH_SEARCH_PATHS = "$(inherited) @executable_path/Frameworks";
				PRODUCT_BUNDLE_IDENTIFIER = "aumrroi-gmail.com.MyFirstProject";
				PRODUCT_NAME = "$(TARGET_NAME)";
				SWIFT_VERSION = 3.0;
			};
			name = Release;
		};
/* End XCBuildConfiguration section */

/* Begin XCConfigurationList section */
		689FE8D61EDBC5BF00F8BD4E /* Build configuration list for PBXProject "MyFirstProject" */ = {
			isa = XCConfigurationList;
			buildConfigurations = (
				689FE8EE1EDBC5C400F8BD4E /* Debug */,
				689FE8EF1EDBC5C400F8BD4E /* Release */,
			);
			defaultConfigurationIsVisible = 0;
			defaultConfigurationName = Release;
		};
		689FE8F01EDBC5C400F8BD4E /* Build configuration list for PBXNativeTarget "MyFirstProject" */ = {
			isa = XCConfigurationList;
			buildConfigurations = (
				689FE8F11EDBC5C400F8BD4E /* Debug */,
				689FE8F21EDBC5C400F8BD4E /* Release */,
			);
			defaultConfigurationIsVisible = 0;
			defaultConfigurationName = Release;
		};
/* End XCConfigurationList section */

/* Begin XCVersionGroup section */
		689FE8E51EDBC5C400F8BD4E /* MyFirstProject.xcdatamodeld */ = {
			isa = XCVersionGroup;
			children = (
				689FE8E61EDBC5C400F8BD4E /* MyFirstProject.xcdatamodel */,
			);
			currentVersion = 689FE8E61EDBC5C400F8BD4E /* MyFirstProject.xcdatamodel */;
			path = MyFirstProject.xcdatamodeld;
			sourceTree = "<group>";
			versionGroupType = wrapper.xcdatamodel;
		};
/* End XCVersionGroup section */
	};
	rootObject = 689FE8D31EDBC5BF00F8BD4E /* Project object */;
}
